
Microsoft Visual Studio Solution File, Format Version 12.00
# Visual Studio Version 17
VisualStudioVersion = 17.9.34607.119
MinimumVisualStudioVersion = 10.0.40219.1
Project("{FAE04EC0-301F-11D3-BF4B-00C04F79EFBC}") = "carbon_footprint_tracker", "carbon_footprint_tracker.csproj", "{79D0001F-B69E-444D-A2A2-7C30E2CB74BF}"
EndProject
Project("{FAE04EC0-301F-11D3-BF4B-00C04F79EFBC}") = "carbon_footprint_tracker.Tests", "..\carbon_footprint_tracker.Tests\carbon_footprint_tracker.Tests.csproj", "{65BD787C-F61E-4A4D-890A-9766EF8A208D}"
EndProject
Global
	GlobalSection(SolutionConfigurationPlatforms) = preSolution
		Debug|Any CPU = Debug|Any CPU
		Release|Any CPU = Release|Any CPU
	EndGlobalSection
	GlobalSection(ProjectConfigurationPlatforms) = postSolution
		{79D0001F-B69E-444D-A2A2-7C30E2CB74BF}.Debug|Any CPU.ActiveCfg = Debug|Any CPU
		{79D0001F-B69E-444D-A2A2-7C30E2CB74BF}.Debug|Any CPU.Build.0 = Debug|Any CPU
		{79D0001F-B69E-444D-A2A2-7C30E2CB74BF}.Release|Any CPU.ActiveCfg = Release|Any CPU
		{79D0001F-B69E-444D-A2A2-7C30E2CB74BF}.Release|Any CPU.Build.0 = Release|Any CPU
		{65BD787C-F61E-4A4D-890A-9766EF8A208D}.Debug|Any CPU.ActiveCfg = Debug|Any CPU
		{65BD787C-F61E-4A4D-890A-9766EF8A208D}.Debug|Any CPU.Build.0 = Debug|Any CPU
		{65BD787C-F61E-4A4D-890A-9766EF8A208D}.Release|Any CPU.ActiveCfg = Release|Any CPU
		{65BD787C-F61E-4A4D-890A-9766EF8A208D}.Release|Any CPU.Build.0 = Release|Any CPU
	EndGlobalSection
	GlobalSection(SolutionProperties) = preSolution
		HideSolutionNode = FALSE
	EndGlobalSection
	GlobalSection(ExtensibilityGlobals) = postSolution
		SolutionGuid = {4D55BF4E-8339-489C-86DF-E314A3390D7E}
	EndGlobalSection
EndGlobal
